
Microsoft Visual Studio Solution File, Format Version 12.00
# Visual Studio 15
VisualStudioVersion = 15.0.28307.168
MinimumVisualStudioVersion = 10.0.40219.1
Project("{FAE04EC0-301F-11D3-BF4B-00C04F79EFBC}") = "WindowsFormsApp1", "WindowsFormsApp1\WindowsFormsApp1.csproj", "{0D93A77B-FF7D-4588-822C-AE10D20964FF}"
EndProject
Global
	GlobalSection(SolutionConfigurationPlatforms) = preSolution
		Debug|Any CPU = Debug|Any CPU
		Release|Any CPU = Release|Any CPU
	EndGlobalSection
	GlobalSection(ProjectConfigurationPlatforms) = postSolution
		{0D93A77B-FF7D-4588-822C-AE10D20964FF}.Debug|Any CPU.ActiveCfg = Debug|Any CPU
		{0D93A77B-FF7D-4588-822C-AE10D20964FF}.Debug|Any CPU.Build.0 = Debug|Any CPU
		{0D93A77B-FF7D-4588-822C-AE10D20964FF}.Release|Any CPU.ActiveCfg = Release|Any CPU
		{0D93A77B-FF7D-4588-822C-AE10D20964FF}.Release|Any CPU.Build.0 = Release|Any CPU
	EndGlobalSection
	GlobalSection(SolutionProperties) = preSolution
		HideSolutionNode = FALSE
	EndGlobalSection
	GlobalSection(ExtensibilityGlobals) = postSolution
		SolutionGuid = {F8CC7DFA-E0E2-424F-B830-D9090F813F6D}
	EndGlobalSection
EndGlobal
